
Microsoft Visual Studio Solution File, Format Version 12.00
# Visual Studio Version 16
VisualStudioVersion = 16.0.31624.102
MinimumVisualStudioVersion = 10.0.40219.1
Project("{FAE04EC0-301F-11D3-BF4B-00C04F79EFBC}") = "NT106-LyThuyet_5-5", "NT106-LyThuyet_5-5\NT106-LyThuyet_5-5.csproj", "{D45BC4B1-35FE-4199-958D-B78A92D7A9D0}"
EndProject
Global
	GlobalSection(SolutionConfigurationPlatforms) = preSolution
		Debug|Any CPU = Debug|Any CPU
		Release|Any CPU = Release|Any CPU
	EndGlobalSection
	GlobalSection(ProjectConfigurationPlatforms) = postSolution
		{D45BC4B1-35FE-4199-958D-B78A92D7A9D0}.Debug|Any CPU.ActiveCfg = Debug|Any CPU
		{D45BC4B1-35FE-4199-958D-B78A92D7A9D0}.Debug|Any CPU.Build.0 = Debug|Any CPU
		{D45BC4B1-35FE-4199-958D-B78A92D7A9D0}.Release|Any CPU.ActiveCfg = Release|Any CPU
		{D45BC4B1-35FE-4199-958D-B78A92D7A9D0}.Release|Any CPU.Build.0 = Release|Any CPU
	EndGlobalSection
	GlobalSection(SolutionProperties) = preSolution
		HideSolutionNode = FALSE
	EndGlobalSection
	GlobalSection(ExtensibilityGlobals) = postSolution
		SolutionGuid = {CEAE1827-55C8-4054-BCC8-6B8F4AD7E69A}
	EndGlobalSection
EndGlobal
